
Microsoft Visual Studio Solution File, Format Version 12.00
# Visual Studio 15
VisualStudioVersion = 15.0.28010.2026
MinimumVisualStudioVersion = 10.0.40219.1
Project("{FAE04EC0-301F-11D3-BF4B-00C04F79EFBC}") = "3.1 Cyclopeptide Sequencing Problem", "3.1 Cyclopeptide Sequencing Problem\3.1 Cyclopeptide Sequencing Problem.csproj", "{821A30B8-B86F-454C-B5C1-0D90231853FE}"
EndProject
Global
	GlobalSection(SolutionConfigurationPlatforms) = preSolution
		Debug|Any CPU = Debug|Any CPU
		Release|Any CPU = Release|Any CPU
	EndGlobalSection
	GlobalSection(ProjectConfigurationPlatforms) = postSolution
		{821A30B8-B86F-454C-B5C1-0D90231853FE}.Debug|Any CPU.ActiveCfg = Debug|Any CPU
		{821A30B8-B86F-454C-B5C1-0D90231853FE}.Debug|Any CPU.Build.0 = Debug|Any CPU
		{821A30B8-B86F-454C-B5C1-0D90231853FE}.Release|Any CPU.ActiveCfg = Release|Any CPU
		{821A30B8-B86F-454C-B5C1-0D90231853FE}.Release|Any CPU.Build.0 = Release|Any CPU
	EndGlobalSection
	GlobalSection(SolutionProperties) = preSolution
		HideSolutionNode = FALSE
	EndGlobalSection
	GlobalSection(ExtensibilityGlobals) = postSolution
		SolutionGuid = {84832490-BA55-42E6-A9DD-6349981C042D}
	EndGlobalSection
EndGlobal
